// !$*UTF8*$!
{
	archiveVersion = 1;
	classes = {
	};
	objectVersion = 46;
	objects = {

/* Begin PBXBuildFile section */
		94AD74D51E9D6E2C00C8927F /* AppDelegate.swift in Sources */ = {isa = PBXBuildFile; fileRef = 94AD74D41E9D6E2C00C8927F /* AppDelegate.swift */; };
		94AD74D71E9D6E2C00C8927F /* ViewController.swift in Sources */ = {isa = PBXBuildFile; fileRef = 94AD74D61E9D6E2C00C8927F /* ViewController.swift */; };
		94AD74DA1E9D6E2C00C8927F /* Main.storyboard in Resources */ = {isa = PBXBuildFile; fileRef = 94AD74D81E9D6E2C00C8927F /* Main.storyboard */; };
		94AD74DC1E9D6E2C00C8927F /* Assets.xcassets in Resources */ = {isa = PBXBuildFile; fileRef = 94AD74DB1E9D6E2C00C8927F /* Assets.xcassets */; };
		94AD74DF1E9D6E2C00C8927F /* LaunchScreen.storyboard in Resources */ = {isa = PBXBuildFile; fileRef = 94AD74DD1E9D6E2C00C8927F /* LaunchScreen.storyboard */; };
/* End PBXBuildFile section */

/* Begin PBXFileReference section */
		94AD74D11E9D6E2C00C8927F /* TriviaApp.app */ = {isa = PBXFileReference; explicitFileType = wrapper.application; includeInIndex = 0; path = TriviaApp.app; sourceTree = BUILT_PRODUCTS_DIR; };
		94AD74D41E9D6E2C00C8927F /* AppDelegate.swift */ = {isa = PBXFileReference; lastKnownFileType = sourcecode.swift; path = AppDelegate.swift; sourceTree = "<group>"; };
		94AD74D61E9D6E2C00C8927F /* ViewController.swift */ = {isa = PBXFileReference; lastKnownFileType = sourcecode.swift; path = ViewController.swift; sourceTree = "<group>"; };
		94AD74D91E9D6E2C00C8927F /* Base */ = {isa = PBXFileReference; lastKnownFileType = file.storyboard; name = Base; path = Base.lproj/Main.storyboard; sourceTree = "<group>"; };
		94AD74DB1E9D6E2C00C8927F /* Assets.xcassets */ = {isa = PBXFileReference; lastKnownFileType = folder.assetcatalog; path = Assets.xcassets; sourceTree = "<group>"; };
		94AD74DE1E9D6E2C00C8927F /* Base */ = {isa = PBXFileReference; lastKnownFileType = file.storyboard; name = Base; path = Base.lproj/LaunchScreen.storyboard; sourceTree = "<group>"; };
		94AD74E01E9D6E2C00C8927F /* Info.plist */ = {isa = PBXFileReference; lastKnownFileType = text.plist.xml; path = Info.plist; sourceTree = "<group>"; };
/* End PBXFileReference section */

/* Begin PBXFrameworksBuildPhase section */
		94AD74CE1E9D6E2C00C8927F /* Frameworks */ = {
			isa = PBXFrameworksBuildPhase;
			buildActionMask = 2147483647;
			files = (
			);
			runOnlyForDeploymentPostprocessing = 0;
		};
/* End PBXFrameworksBuildPhase section */

/* Begin PBXGroup section */
		94AD74C81E9D6E2C00C8927F = {
			isa = PBXGroup;
			children = (
				94AD74D31E9D6E2C00C8927F /* TriviaApp */,
				94AD74D21E9D6E2C00C8927F /* Products */,
			);
			sourceTree = "<group>";
		};
		94AD74D21E9D6E2C00C8927F /* Products */ = {
			isa = PBXGroup;
			children = (
				94AD74D11E9D6E2C00C8927F /* TriviaApp.app */,
			);
			name = Products;
			sourceTree = "<group>";
		};
		94AD74D31E9D6E2C00C8927F /* TriviaApp */ = {
			isa = PBXGroup;
			children = (
				94AD74D41E9D6E2C00C8927F /* AppDelegate.swift */,
				94AD74D61E9D6E2C00C8927F /* ViewController.swift */,
				94AD74D81E9D6E2C00C8927F /* Main.storyboard */,
				94AD74DB1E9D6E2C00C8927F /* Assets.xcassets */,
				94AD74DD1E9D6E2C00C8927F /* LaunchScreen.storyboard */,
				94AD74E01E9D6E2C00C8927F /* Info.plist */,
			);
			path = TriviaApp;
			sourceTree = "<group>";
		};
/* End PBXGroup section */

/* Begin PBXNativeTarget section */
		94AD74D01E9D6E2C00C8927F /* TriviaApp */ = {
			isa = PBXNativeTarget;
			buildConfigurationList = 94AD74E31E9D6E2C00C8927F /* Build configuration list for PBXNativeTarget "TriviaApp" */;
			buildPhases = (
				94AD74CD1E9D6E2C00C8927F /* Sources */,
				94AD74CE1E9D6E2C00C8927F /* Frameworks */,
				94AD74CF1E9D6E2C00C8927F /* Resources */,
			);
			buildRules = (
			);
			dependencies = (
			);
			name = TriviaApp;
			productName = TriviaApp;
			productReference = 94AD74D11E9D6E2C00C8927F /* TriviaApp.app */;
			productType = "com.apple.product-type.application";
		};
/* End PBXNativeTarget section */

/* Begin PBXProject section */
		94AD74C91E9D6E2C00C8927F /* Project object */ = {
			isa = PBXProject;
			attributes = {
				LastSwiftUpdateCheck = 0820;
				LastUpgradeCheck = 0820;
				ORGANIZATIONNAME = "Winsor Coding Club";
				TargetAttributes = {
					94AD74D01E9D6E2C00C8927F = {
						CreatedOnToolsVersion = 8.2.1;
						ProvisioningStyle = Automatic;
					};
				};
			};
			buildConfigurationList = 94AD74CC1E9D6E2C00C8927F /* Build configuration list for PBXProject "TriviaApp" */;
			compatibilityVersion = "Xcode 3.2";
			developmentRegion = English;
			hasScannedForEncodings = 0;
			knownRegions = (
				en,
				Base,
			);
			mainGroup = 94AD74C81E9D6E2C00C8927F;
			productRefGroup = 94AD74D21E9D6E2C00C8927F /* Products */;
			projectDirPath = "";
			projectRoot = "";
			targets = (
				94AD74D01E9D6E2C00C8927F /* TriviaApp */,
			);
		};
/* End PBXProject section */

/* Begin PBXResourcesBuildPhase section */
		94AD74CF1E9D6E2C00C8927F /* Resources */ = {
			isa = PBXResourcesBuildPhase;
			buildActionMask = 2147483647;
			files = (
				94AD74DF1E9D6E2C00C8927F /* LaunchScreen.storyboard in Resources */,
				94AD74DC1E9D6E2C00C8927F /* Assets.xcassets in Resources */,
				94AD74DA1E9D6E2C00C8927F /* Main.storyboard in Resources */,
			);
			runOnlyForDeploymentPostprocessing = 0;
		};
/* End PBXResourcesBuildPhase section */

/* Begin PBXSourcesBuildPhase section */
		94AD74CD1E9D6E2C00C8927F /* Sources */ = {
			isa = PBXSourcesBuildPhase;
			buildActionMask = 2147483647;
			files = (
				94AD74D71E9D6E2C00C8927F /* ViewController.swift in Sources */,
				94AD74D51E9D6E2C00C8927F /* AppDelegate.swift in Sources */,
			);
			runOnlyForDeploymentPostprocessing = 0;
		};
/* End PBXSourcesBuildPhase section */

/* Begin PBXVariantGroup section */
		94AD74D81E9D6E2C00C8927F /* Main.storyboard */ = {
			isa = PBXVariantGroup;
			children = (
				94AD74D91E9D6E2C00C8927F /* Base */,
			);
			name = Main.storyboard;
			sourceTree = "<group>";
		};
		94AD74DD1E9D6E2C00C8927F /* LaunchScreen.storyboard */ = {
			isa = PBXVariantGroup;
			children = (
				94AD74DE1E9D6E2C00C8927F /* Base */,
			);
			name = LaunchScreen.storyboard;
			sourceTree = "<group>";
		};
/* End PBXVariantGroup section */

/* Begin XCBuildConfiguration section */
		94AD74E11E9D6E2C00C8927F /* Debug */ = {
			isa = XCBuildConfiguration;
			buildSettings = {
				ALWAYS_SEARCH_USER_PATHS = NO;
				CLANG_ANALYZER_NONNULL = YES;
				CLANG_CXX_LANGUAGE_STANDARD = "gnu++0x";
				CLANG_CXX_LIBRARY = "libc++";
				CLANG_ENABLE_MODULES = YES;
				CLANG_ENABLE_OBJC_ARC = YES;
				CLANG_WARN_BOOL_CONVERSION = YES;
				CLANG_WARN_CONSTANT_CONVERSION = YES;
				CLANG_WARN_DIRECT_OBJC_ISA_USAGE = YES_ERROR;
				CLANG_WARN_DOCUMENTATION_COMMENTS = YES;
				CLANG_WARN_EMPTY_BODY = YES;
				CLANG_WARN_ENUM_CONVERSION = YES;
				CLANG_WARN_INFINITE_RECURSION = YES;
				CLANG_WARN_INT_CONVERSION = YES;
				CLANG_WARN_OBJC_ROOT_CLASS = YES_ERROR;
				CLANG_WARN_SUSPICIOUS_MOVE = YES;
				CLANG_WARN_UNREACHABLE_CODE = YES;
				CLANG_WARN__DUPLICATE_METHOD_MATCH = YES;
				"CODE_SIGN_IDENTITY[sdk=iphoneos*]" = "iPhone Developer";
				COPY_PHASE_STRIP = NO;
				DEBUG_INFORMATION_FORMAT = dwarf;
				ENABLE_STRICT_OBJC_MSGSEND = YES;
				ENABLE_TESTABILITY = YES;
				GCC_C_LANGUAGE_STANDARD = gnu99;
				GCC_DYNAMIC_NO_PIC = NO;
				GCC_NO_COMMON_BLOCKS = YES;
				GCC_OPTIMIZATION_LEVEL = 0;
				GCC_PREPROCESSOR_DEFINITIONS = (
					"DEBUG=1",
					"$(inherited)",
				);
				GCC_WARN_64_TO_32_BIT_CONVERSION = YES;
				GCC_WARN_ABOUT_RETURN_TYPE = YES_ERROR;
				GCC_WARN_UNDECLARED_SELECTOR = YES;
				GCC_WARN_UNINITIALIZED_AUTOS = YES_AGGRESSIVE;
				GCC_WARN_UNUSED_FUNCTION = YES;
				GCC_WARN_UNUSED_VARIABLE = YES;
				IPHONEOS_DEPLOYMENT_TARGET = 10.2;
				MTL_ENABLE_DEBUG_INFO = YES;
				ONLY_ACTIVE_ARCH = YES;
				SDKROOT = iphoneos;
				SWIFT_ACTIVE_COMPILATION_CONDITIONS = DEBUG;
				SWIFT_OPTIMIZATION_LEVEL = "-Onone";
			};
			name = Debug;
		};
		94AD74E21E9D6E2C00C8927F /* Release */ = {
			isa = XCBuildConfiguration;
			buildSettings = {
				ALWAYS_SEARCH_USER_PATHS = NO;
				CLANG_ANALYZER_NONNULL = YES;
				CLANG_CXX_LANGUAGE_STANDARD = "gnu++0x";
				CLANG_CXX_LIBRARY = "libc++";
				CLANG_ENABLE_MODULES = YES;
				CLANG_ENABLE_OBJC_ARC = YES;
				CLANG_WARN_BOOL_CONVERSION = YES;
				CLANG_WARN_CONSTANT_CONVERSION = YES;
				CLANG_WARN_DIRECT_OBJC_ISA_USAGE = YES_ERROR;
				CLANG_WARN_DOCUMENTATION_COMMENTS = YES;
				CLANG_WARN_EMPTY_BODY = YES;
				CLANG_WARN_ENUM_CONVERSION = YES;
				CLANG_WARN_INFINITE_RECURSION = YES;
				CLANG_WARN_INT_CONVERSION = YES;
				CLANG_WARN_OBJC_ROOT_CLASS = YES_ERROR;
				CLANG_WARN_SUSPICIOUS_MOVE = YES;
				CLANG_WARN_UNREACHABLE_CODE = YES;
				CLANG_WARN__DUPLICATE_METHOD_MATCH = YES;
				"CODE_SIGN_IDENTITY[sdk=iphoneos*]" = "iPhone Developer";
				COPY_PHASE_STRIP = NO;
				DEBUG_INFORMATION_FORMAT = "dwarf-with-dsym";
				ENABLE_NS_ASSERTIONS = NO;
				ENABLE_STRICT_OBJC_MSGSEND = YES;
				GCC_C_LANGUAGE_STANDARD = gnu99;
				GCC_NO_COMMON_BLOCKS = YES;
				GCC_WARN_64_TO_32_BIT_CONVERSION = YES;
				GCC_WARN_ABOUT_RETURN_TYPE = YES_ERROR;
				GCC_WARN_UNDECLARED_SELECTOR = YES;
				GCC_WARN_UNINITIALIZED_AUTOS = YES_AGGRESSIVE;
				GCC_WARN_UNUSED_FUNCTION = YES;
				GCC_WARN_UNUSED_VARIABLE = YES;
				IPHONEOS_DEPLOYMENT_TARGET = 10.2;
				MTL_ENABLE_DEBUG_INFO = NO;
				SDKROOT = iphoneos;
				SWIFT_OPTIMIZATION_LEVEL = "-Owholemodule";
				VALIDATE_PRODUCT = YES;
			};
			name = Release;
		};
		94AD74E41E9D6E2C00C8927F /* Debug */ = {
			isa = XCBuildConfiguration;
			buildSettings = {
				ASSETCATALOG_COMPILER_APPICON_NAME = AppIcon;
				INFOPLIST_FILE = TriviaApp/Info.plist;
				LD_RUNPATH_SEARCH_PATHS = "$(inherited) @executable_path/Frameworks";
				PRODUCT_BUNDLE_IDENTIFIER = "Winsor-Coding-Club.TriviaApp";
				PRODUCT_NAME = "$(TARGET_NAME)";
				SWIFT_VERSION = 3.0;
			};
			name = Debug;
		};
		94AD74E51E9D6E2C00C8927F /* Release */ = {
			isa = XCBuildConfiguration;
			buildSettings = {
				ASSETCATALOG_COMPILER_APPICON_NAME = AppIcon;
				INFOPLIST_FILE = TriviaApp/Info.plist;
				LD_RUNPATH_SEARCH_PATHS = "$(inherited) @executable_path/Frameworks";
				PRODUCT_BUNDLE_IDENTIFIER = "Winsor-Coding-Club.TriviaApp";
				PRODUCT_NAME = "$(TARGET_NAME)";
				SWIFT_VERSION = 3.0;
			};
			name = Release;
		};
/* End XCBuildConfiguration section */

/* Begin XCConfigurationList section */
		94AD74CC1E9D6E2C00C8927F /* Build configuration list for PBXProject "TriviaApp" */ = {
			isa = XCConfigurationList;
			buildConfigurations = (
				94AD74E11E9D6E2C00C8927F /* Debug */,
				94AD74E21E9D6E2C00C8927F /* Release */,
			);
			defaultConfigurationIsVisible = 0;
			defaultConfigurationName = Release;
		};
		94AD74E31E9D6E2C00C8927F /* Build configuration list for PBXNativeTarget "TriviaApp" */ = {
			isa = XCConfigurationList;
			buildConfigurations = (
				94AD74E41E9D6E2C00C8927F /* Debug */,
				94AD74E51E9D6E2C00C8927F /* Release */,
			);
			defaultConfigurationIsVisible = 0;
		};
/* End XCConfigurationList section */
	};
	rootObject = 94AD74C91E9D6E2C00C8927F /* Project object */;
}
